
Microsoft Visual Studio Solution File, Format Version 12.00
# Visual Studio 14
VisualStudioVersion = 14.0.25420.1
MinimumVisualStudioVersion = 10.0.40219.1
Project("{FAE04EC0-301F-11D3-BF4B-00C04F79EFBC}") = "2-BSC.Trio.Common.LogHandler", "2-BSC.Trio.Common.LogHandler\2-BSC.Trio.Common.LogHandler.csproj", "{8DE447BA-A1D7-46F4-8687-8A94F0DD398B}"
EndProject
Global
	GlobalSection(SolutionConfigurationPlatforms) = preSolution
		Debug|Any CPU = Debug|Any CPU
		Release|Any CPU = Release|Any CPU
	EndGlobalSection
	GlobalSection(ProjectConfigurationPlatforms) = postSolution
		{8DE447BA-A1D7-46F4-8687-8A94F0DD398B}.Debug|Any CPU.ActiveCfg = Debug|Any CPU
		{8DE447BA-A1D7-46F4-8687-8A94F0DD398B}.Debug|Any CPU.Build.0 = Debug|Any CPU
		{8DE447BA-A1D7-46F4-8687-8A94F0DD398B}.Release|Any CPU.ActiveCfg = Release|Any CPU
		{8DE447BA-A1D7-46F4-8687-8A94F0DD398B}.Release|Any CPU.Build.0 = Release|Any CPU
	EndGlobalSection
	GlobalSection(SolutionProperties) = preSolution
		HideSolutionNode = FALSE
	EndGlobalSection
EndGlobal
