
Microsoft Visual Studio Solution File, Format Version 12.00
# Visual Studio 14
VisualStudioVersion = 14.0.25420.1
MinimumVisualStudioVersion = 10.0.40219.1
Project("{FAE04EC0-301F-11D3-BF4B-00C04F79EFBC}") = "BSC.Trio.Portal", "BSC.Trio.Portal\BSC.Trio.Portal.csproj", "{5788EBBB-72F0-41DB-B581-3EB164301875}"
EndProject
Project("{2150E333-8FDC-42A3-9474-1A3956D46DE8}") = "1-BSC.Trio.AzurePackage", "1-BSC.Trio.AzurePackage", "{C73EB62E-9A3E-4323-BA2D-0158832D62D5}"
EndProject
Project("{2150E333-8FDC-42A3-9474-1A3956D46DE8}") = "2-BSC.Trio.Common", "2-BSC.Trio.Common", "{6FD36FCC-C3D4-48E4-A241-3E51D5E390BC}"
EndProject
Project("{FAE04EC0-301F-11D3-BF4B-00C04F79EFBC}") = "BSC.Trio.Common.ExceptionHandler", "BSC.Trio.Common.ExceptionHandler\BSC.Trio.Common.ExceptionHandler.csproj", "{EDDC4FF1-2CC5-4941-AAFF-D1974F9F6213}"
EndProject
Project("{FAE04EC0-301F-11D3-BF4B-00C04F79EFBC}") = "BSC.Trio.Common.LogHandler", "BSC.Trio.Common.LogHandler\BSC.Trio.Common.LogHandler.csproj", "{599C6CD4-CC18-4319-B9FD-9E9F29E7CF8B}"
EndProject
Project("{FAE04EC0-301F-11D3-BF4B-00C04F79EFBC}") = "BSC.Trio.Common.ConfigurationHandler", "BSC.Trio.Common.ConfigurationHandler\BSC.Trio.Common.ConfigurationHandler.csproj", "{9014BADC-724A-4ABF-93F9-182067F205CC}"
EndProject
Project("{2150E333-8FDC-42A3-9474-1A3956D46DE8}") = "3-BSC.Trio.DAL", "3-BSC.Trio.DAL", "{2DC5510C-723A-40C7-BECF-D35F6EDBC78E}"
EndProject
Project("{FAE04EC0-301F-11D3-BF4B-00C04F79EFBC}") = "BSC.Trio.DAL.TrioDataModel", "BSC.Trio.DAL.TrioDataModel\BSC.Trio.DAL.TrioDataModel.csproj", "{BE2422EE-0338-4F5F-B385-CDAFA7061698}"
EndProject
Project("{FAE04EC0-301F-11D3-BF4B-00C04F79EFBC}") = "BSC.Trio.DAL.RepositoryManager", "BSC.Trio.DAL.RepositoryManager\BSC.Trio.DAL.RepositoryManager.csproj", "{932B7989-4DA1-4D94-BFF5-020D8B97D9C8}"
EndProject
Project("{2150E333-8FDC-42A3-9474-1A3956D46DE8}") = "4-BSC.Trio.BAL", "4-BSC.Trio.BAL", "{DE9597A4-F395-4CE8-9CFB-A3CAEB54DE1B}"
EndProject
Project("{FAE04EC0-301F-11D3-BF4B-00C04F79EFBC}") = "BSC.Trio.BAL.WebAPI", "BSC.Trio.BAL.WebAPI\BSC.Trio.BAL.WebAPI.csproj", "{14514EF1-588E-4C70-95AF-A104DC6A4E23}"
EndProject
Project("{2150E333-8FDC-42A3-9474-1A3956D46DE8}") = "5-BSC.Trio.WebApp", "5-BSC.Trio.WebApp", "{B039C480-1002-4E2A-9CEC-F126449CCCE9}"
EndProject
Project("{FAE04EC0-301F-11D3-BF4B-00C04F79EFBC}") = "BSC.Trio.WebApp.TrioPortal", "BSC.Trio.WebApp.TrioPortal\BSC.Trio.WebApp.TrioPortal.csproj", "{314CBD87-C4EC-4D66-9866-4F9780D025D6}"
EndProject
Project("{2150E333-8FDC-42A3-9474-1A3956D46DE8}") = "6-BSC.Trio.UnitTesting", "6-BSC.Trio.UnitTesting", "{D02C9B56-7B9F-4D71-A47D-C8B2CBAB633A}"
EndProject
Project("{2150E333-8FDC-42A3-9474-1A3956D46DE8}") = "7-BSC.Trion.Modeling", "7-BSC.Trion.Modeling", "{7BD51749-DF2F-44BC-A58E-EE699B547015}"
EndProject
Global
	GlobalSection(SolutionConfigurationPlatforms) = preSolution
		Debug|Any CPU = Debug|Any CPU
		Release|Any CPU = Release|Any CPU
	EndGlobalSection
	GlobalSection(ProjectConfigurationPlatforms) = postSolution
		{5788EBBB-72F0-41DB-B581-3EB164301875}.Debug|Any CPU.ActiveCfg = Debug|Any CPU
		{5788EBBB-72F0-41DB-B581-3EB164301875}.Debug|Any CPU.Build.0 = Debug|Any CPU
		{5788EBBB-72F0-41DB-B581-3EB164301875}.Release|Any CPU.ActiveCfg = Release|Any CPU
		{5788EBBB-72F0-41DB-B581-3EB164301875}.Release|Any CPU.Build.0 = Release|Any CPU
		{EDDC4FF1-2CC5-4941-AAFF-D1974F9F6213}.Debug|Any CPU.ActiveCfg = Debug|Any CPU
		{EDDC4FF1-2CC5-4941-AAFF-D1974F9F6213}.Debug|Any CPU.Build.0 = Debug|Any CPU
		{EDDC4FF1-2CC5-4941-AAFF-D1974F9F6213}.Release|Any CPU.ActiveCfg = Release|Any CPU
		{EDDC4FF1-2CC5-4941-AAFF-D1974F9F6213}.Release|Any CPU.Build.0 = Release|Any CPU
		{599C6CD4-CC18-4319-B9FD-9E9F29E7CF8B}.Debug|Any CPU.ActiveCfg = Debug|Any CPU
		{599C6CD4-CC18-4319-B9FD-9E9F29E7CF8B}.Debug|Any CPU.Build.0 = Debug|Any CPU
		{599C6CD4-CC18-4319-B9FD-9E9F29E7CF8B}.Release|Any CPU.ActiveCfg = Release|Any CPU
		{599C6CD4-CC18-4319-B9FD-9E9F29E7CF8B}.Release|Any CPU.Build.0 = Release|Any CPU
		{9014BADC-724A-4ABF-93F9-182067F205CC}.Debug|Any CPU.ActiveCfg = Debug|Any CPU
		{9014BADC-724A-4ABF-93F9-182067F205CC}.Debug|Any CPU.Build.0 = Debug|Any CPU
		{9014BADC-724A-4ABF-93F9-182067F205CC}.Release|Any CPU.ActiveCfg = Release|Any CPU
		{9014BADC-724A-4ABF-93F9-182067F205CC}.Release|Any CPU.Build.0 = Release|Any CPU
		{BE2422EE-0338-4F5F-B385-CDAFA7061698}.Debug|Any CPU.ActiveCfg = Debug|Any CPU
		{BE2422EE-0338-4F5F-B385-CDAFA7061698}.Debug|Any CPU.Build.0 = Debug|Any CPU
		{BE2422EE-0338-4F5F-B385-CDAFA7061698}.Release|Any CPU.ActiveCfg = Release|Any CPU
		{BE2422EE-0338-4F5F-B385-CDAFA7061698}.Release|Any CPU.Build.0 = Release|Any CPU
		{932B7989-4DA1-4D94-BFF5-020D8B97D9C8}.Debug|Any CPU.ActiveCfg = Debug|Any CPU
		{932B7989-4DA1-4D94-BFF5-020D8B97D9C8}.Debug|Any CPU.Build.0 = Debug|Any CPU
		{932B7989-4DA1-4D94-BFF5-020D8B97D9C8}.Release|Any CPU.ActiveCfg = Release|Any CPU
		{932B7989-4DA1-4D94-BFF5-020D8B97D9C8}.Release|Any CPU.Build.0 = Release|Any CPU
		{14514EF1-588E-4C70-95AF-A104DC6A4E23}.Debug|Any CPU.ActiveCfg = Debug|Any CPU
		{14514EF1-588E-4C70-95AF-A104DC6A4E23}.Debug|Any CPU.Build.0 = Debug|Any CPU
		{14514EF1-588E-4C70-95AF-A104DC6A4E23}.Release|Any CPU.ActiveCfg = Release|Any CPU
		{14514EF1-588E-4C70-95AF-A104DC6A4E23}.Release|Any CPU.Build.0 = Release|Any CPU
		{314CBD87-C4EC-4D66-9866-4F9780D025D6}.Debug|Any CPU.ActiveCfg = Debug|Any CPU
		{314CBD87-C4EC-4D66-9866-4F9780D025D6}.Debug|Any CPU.Build.0 = Debug|Any CPU
		{314CBD87-C4EC-4D66-9866-4F9780D025D6}.Release|Any CPU.ActiveCfg = Release|Any CPU
		{314CBD87-C4EC-4D66-9866-4F9780D025D6}.Release|Any CPU.Build.0 = Release|Any CPU
	EndGlobalSection
	GlobalSection(SolutionProperties) = preSolution
		HideSolutionNode = FALSE
	EndGlobalSection
	GlobalSection(NestedProjects) = preSolution
		{EDDC4FF1-2CC5-4941-AAFF-D1974F9F6213} = {6FD36FCC-C3D4-48E4-A241-3E51D5E390BC}
		{599C6CD4-CC18-4319-B9FD-9E9F29E7CF8B} = {6FD36FCC-C3D4-48E4-A241-3E51D5E390BC}
		{9014BADC-724A-4ABF-93F9-182067F205CC} = {6FD36FCC-C3D4-48E4-A241-3E51D5E390BC}
		{BE2422EE-0338-4F5F-B385-CDAFA7061698} = {2DC5510C-723A-40C7-BECF-D35F6EDBC78E}
		{932B7989-4DA1-4D94-BFF5-020D8B97D9C8} = {2DC5510C-723A-40C7-BECF-D35F6EDBC78E}
		{14514EF1-588E-4C70-95AF-A104DC6A4E23} = {DE9597A4-F395-4CE8-9CFB-A3CAEB54DE1B}
		{314CBD87-C4EC-4D66-9866-4F9780D025D6} = {B039C480-1002-4E2A-9CEC-F126449CCCE9}
	EndGlobalSection
EndGlobal
